
Microsoft Visual Studio Solution File, Format Version 12.00
# Visual Studio Version 17
VisualStudioVersion = 17.5.002.0
MinimumVisualStudioVersion = 10.0.40219.1
Project("{9A19103F-16F7-4668-BE54-9A1E7A4F7556}") = "csharpDemo", "csharpDemo.csproj", "{CDAAF095-3886-4E84-909C-EA382BB7E6FD}"
EndProject
Global
	GlobalSection(SolutionConfigurationPlatforms) = preSolution
		Debug|Any CPU = Debug|Any CPU
		Release|Any CPU = Release|Any CPU
	EndGlobalSection
	GlobalSection(ProjectConfigurationPlatforms) = postSolution
		{CDAAF095-3886-4E84-909C-EA382BB7E6FD}.Debug|Any CPU.ActiveCfg = Debug|Any CPU
		{CDAAF095-3886-4E84-909C-EA382BB7E6FD}.Debug|Any CPU.Build.0 = Debug|Any CPU
		{CDAAF095-3886-4E84-909C-EA382BB7E6FD}.Release|Any CPU.ActiveCfg = Release|Any CPU
		{CDAAF095-3886-4E84-909C-EA382BB7E6FD}.Release|Any CPU.Build.0 = Release|Any CPU
	EndGlobalSection
	GlobalSection(SolutionProperties) = preSolution
		HideSolutionNode = FALSE
	EndGlobalSection
	GlobalSection(ExtensibilityGlobals) = postSolution
		SolutionGuid = {929E541E-4187-48D3-A2D3-10AA8C1D8E18}
	EndGlobalSection
EndGlobal
